
Microsoft Visual Studio Solution File, Format Version 12.00
# Visual Studio 15
Project("{FAE04EC0-301F-11D3-BF4B-00C04F79EFBC}") = "2DHandPainted", "2DHandPainted.csproj", "{9369F950-3037-8B4C-C0DA-AEEE841AACAF}"
EndProject
Project("{FAE04EC0-301F-11D3-BF4B-00C04F79EFBC}") = "2DHandPaintedEditor", "2DHandPaintedEditor.csproj", "{33CFA608-2CDA-9ECB-3E33-B938304587AF}"
EndProject
Global
	GlobalSection(SolutionConfigurationPlatforms) = preSolution
		Debug|Any CPU = Debug|Any CPU
		Release|Any CPU = Release|Any CPU
	EndGlobalSection
	GlobalSection(ProjectConfigurationPlatforms) = postSolution
		{9369F950-3037-8B4C-C0DA-AEEE841AACAF}.Debug|Any CPU.ActiveCfg = Debug|Any CPU
		{9369F950-3037-8B4C-C0DA-AEEE841AACAF}.Debug|Any CPU.Build.0 = Debug|Any CPU
		{9369F950-3037-8B4C-C0DA-AEEE841AACAF}.Release|Any CPU.ActiveCfg = Release|Any CPU
		{9369F950-3037-8B4C-C0DA-AEEE841AACAF}.Release|Any CPU.Build.0 = Release|Any CPU
		{33CFA608-2CDA-9ECB-3E33-B938304587AF}.Debug|Any CPU.ActiveCfg = Debug|Any CPU
		{33CFA608-2CDA-9ECB-3E33-B938304587AF}.Debug|Any CPU.Build.0 = Debug|Any CPU
		{33CFA608-2CDA-9ECB-3E33-B938304587AF}.Release|Any CPU.ActiveCfg = Release|Any CPU
		{33CFA608-2CDA-9ECB-3E33-B938304587AF}.Release|Any CPU.Build.0 = Release|Any CPU
	EndGlobalSection
	GlobalSection(SolutionProperties) = preSolution
		HideSolutionNode = FALSE
	EndGlobalSection
EndGlobal
